
Microsoft Visual Studio Solution File, Format Version 12.00
# Visual Studio Version 16
VisualStudioVersion = 16.0.30114.105
MinimumVisualStudioVersion = 10.0.40219.1
Project("{FAE04EC0-301F-11D3-BF4B-00C04F79EFBC}") = "dividirGrupos", "dividirGrupos\dividirGrupos.csproj", "{3D703B0F-A710-4160-939B-25C04F380A7F}"
EndProject
Project("{FAE04EC0-301F-11D3-BF4B-00C04F79EFBC}") = "dividirGrupos.test", "dividirGrupos.test\dividirGrupos.test.csproj", "{10A90198-9CC6-4880-B29B-9D4F83422D96}"
EndProject
Global
	GlobalSection(SolutionConfigurationPlatforms) = preSolution
		Debug|Any CPU = Debug|Any CPU
		Debug|x64 = Debug|x64
		Debug|x86 = Debug|x86
		Release|Any CPU = Release|Any CPU
		Release|x64 = Release|x64
		Release|x86 = Release|x86
	EndGlobalSection
	GlobalSection(SolutionProperties) = preSolution
		HideSolutionNode = FALSE
	EndGlobalSection
	GlobalSection(ProjectConfigurationPlatforms) = postSolution
		{3D703B0F-A710-4160-939B-25C04F380A7F}.Debug|Any CPU.ActiveCfg = Debug|Any CPU
		{3D703B0F-A710-4160-939B-25C04F380A7F}.Debug|Any CPU.Build.0 = Debug|Any CPU
		{3D703B0F-A710-4160-939B-25C04F380A7F}.Debug|x64.ActiveCfg = Debug|Any CPU
		{3D703B0F-A710-4160-939B-25C04F380A7F}.Debug|x64.Build.0 = Debug|Any CPU
		{3D703B0F-A710-4160-939B-25C04F380A7F}.Debug|x86.ActiveCfg = Debug|Any CPU
		{3D703B0F-A710-4160-939B-25C04F380A7F}.Debug|x86.Build.0 = Debug|Any CPU
		{3D703B0F-A710-4160-939B-25C04F380A7F}.Release|Any CPU.ActiveCfg = Release|Any CPU
		{3D703B0F-A710-4160-939B-25C04F380A7F}.Release|Any CPU.Build.0 = Release|Any CPU
		{3D703B0F-A710-4160-939B-25C04F380A7F}.Release|x64.ActiveCfg = Release|Any CPU
		{3D703B0F-A710-4160-939B-25C04F380A7F}.Release|x64.Build.0 = Release|Any CPU
		{3D703B0F-A710-4160-939B-25C04F380A7F}.Release|x86.ActiveCfg = Release|Any CPU
		{3D703B0F-A710-4160-939B-25C04F380A7F}.Release|x86.Build.0 = Release|Any CPU
		{10A90198-9CC6-4880-B29B-9D4F83422D96}.Debug|Any CPU.ActiveCfg = Debug|Any CPU
		{10A90198-9CC6-4880-B29B-9D4F83422D96}.Debug|Any CPU.Build.0 = Debug|Any CPU
		{10A90198-9CC6-4880-B29B-9D4F83422D96}.Debug|x64.ActiveCfg = Debug|Any CPU
		{10A90198-9CC6-4880-B29B-9D4F83422D96}.Debug|x64.Build.0 = Debug|Any CPU
		{10A90198-9CC6-4880-B29B-9D4F83422D96}.Debug|x86.ActiveCfg = Debug|Any CPU
		{10A90198-9CC6-4880-B29B-9D4F83422D96}.Debug|x86.Build.0 = Debug|Any CPU
		{10A90198-9CC6-4880-B29B-9D4F83422D96}.Release|Any CPU.ActiveCfg = Release|Any CPU
		{10A90198-9CC6-4880-B29B-9D4F83422D96}.Release|Any CPU.Build.0 = Release|Any CPU
		{10A90198-9CC6-4880-B29B-9D4F83422D96}.Release|x64.ActiveCfg = Release|Any CPU
		{10A90198-9CC6-4880-B29B-9D4F83422D96}.Release|x64.Build.0 = Release|Any CPU
		{10A90198-9CC6-4880-B29B-9D4F83422D96}.Release|x86.ActiveCfg = Release|Any CPU
		{10A90198-9CC6-4880-B29B-9D4F83422D96}.Release|x86.Build.0 = Release|Any CPU
	EndGlobalSection
EndGlobal
